
Microsoft Visual Studio Solution File, Format Version 12.00
# Visual Studio Version 17
VisualStudioVersion = 17.2.32519.379
MinimumVisualStudioVersion = 10.0.40219.1
Project("{FAE04EC0-301F-11D3-BF4B-00C04F79EFBC}") = "pry.IEFI.LopezValentin", "pry.IEFI.LopezValentin.csproj", "{FA8E2A36-802B-4CA6-9653-C8A7D5360653}"
EndProject
Global
	GlobalSection(SolutionConfigurationPlatforms) = preSolution
		Debug|Any CPU = Debug|Any CPU
		Release|Any CPU = Release|Any CPU
	EndGlobalSection
	GlobalSection(ProjectConfigurationPlatforms) = postSolution
		{FA8E2A36-802B-4CA6-9653-C8A7D5360653}.Debug|Any CPU.ActiveCfg = Debug|Any CPU
		{FA8E2A36-802B-4CA6-9653-C8A7D5360653}.Debug|Any CPU.Build.0 = Debug|Any CPU
		{FA8E2A36-802B-4CA6-9653-C8A7D5360653}.Release|Any CPU.ActiveCfg = Release|Any CPU
		{FA8E2A36-802B-4CA6-9653-C8A7D5360653}.Release|Any CPU.Build.0 = Release|Any CPU
	EndGlobalSection
	GlobalSection(SolutionProperties) = preSolution
		HideSolutionNode = FALSE
	EndGlobalSection
	GlobalSection(ExtensibilityGlobals) = postSolution
		SolutionGuid = {70241A37-E732-471F-9206-51A54CEFABB9}
	EndGlobalSection
EndGlobal
